
Microsoft Visual Studio Solution File, Format Version 12.00
# Visual Studio Version 16
VisualStudioVersion = 16.0.30225.117
MinimumVisualStudioVersion = 10.0.40219.1
Project("{9A19103F-16F7-4668-BE54-9A1E7A4F7556}") = "ULibs.ShellEscape", "ULibs.ShellEscape\ULibs.ShellEscape.csproj", "{FC0FA749-3A05-4A1D-BD43-F73473936DBE}"
EndProject
Project("{9A19103F-16F7-4668-BE54-9A1E7A4F7556}") = "ULibs.UlibsProjectTemplate", "ULibs.UlibsProjectTemplate\ULibs.UlibsProjectTemplate.csproj", "{DA3C185C-135C-4EA6-A55D-98DE9E0EEA80}"
EndProject
Project("{9A19103F-16F7-4668-BE54-9A1E7A4F7556}") = "Ulibs.Tests", "Ulibs.Tests\Ulibs.Tests.csproj", "{DBEB3FFA-0B24-4207-8E18-9634BF8C86B8}"
EndProject
Project("{9A19103F-16F7-4668-BE54-9A1E7A4F7556}") = "ULibs.TinyJsonSer", "ULibs.TinyJsonSer\ULibs.TinyJsonSer.csproj", "{3960AF49-22DE-489E-8348-35E32C605B4C}"
EndProject
Project("{9A19103F-16F7-4668-BE54-9A1E7A4F7556}") = "ULibs.FullExceptionString", "ULibs.FullExceptionString\ULibs.FullExceptionString.csproj", "{40EA8064-A654-40D3-9849-9A0E52248DE9}"
EndProject
Project("{9A19103F-16F7-4668-BE54-9A1E7A4F7556}") = "ULibs.TinyJsonDeser", "ULibs.TinyJsonDeser\ULibs.TinyJsonDeser.csproj", "{F46791E7-5434-400B-B5B4-6659909C262E}"
EndProject
Project("{9A19103F-16F7-4668-BE54-9A1E7A4F7556}") = "ULibs.SqlClientCompatibility", "ULibs.SqlClientCompatibility\ULibs.SqlClientCompatibility.csproj", "{1C04E087-208C-40E3-A0D0-317D3C1D9271}"
EndProject
Global
	GlobalSection(SolutionConfigurationPlatforms) = preSolution
		Debug|Any CPU = Debug|Any CPU
		Release|Any CPU = Release|Any CPU
	EndGlobalSection
	GlobalSection(ProjectConfigurationPlatforms) = postSolution
		{FC0FA749-3A05-4A1D-BD43-F73473936DBE}.Debug|Any CPU.ActiveCfg = Debug|Any CPU
		{FC0FA749-3A05-4A1D-BD43-F73473936DBE}.Debug|Any CPU.Build.0 = Debug|Any CPU
		{FC0FA749-3A05-4A1D-BD43-F73473936DBE}.Release|Any CPU.ActiveCfg = Release|Any CPU
		{FC0FA749-3A05-4A1D-BD43-F73473936DBE}.Release|Any CPU.Build.0 = Release|Any CPU
		{DA3C185C-135C-4EA6-A55D-98DE9E0EEA80}.Debug|Any CPU.ActiveCfg = Debug|Any CPU
		{DA3C185C-135C-4EA6-A55D-98DE9E0EEA80}.Debug|Any CPU.Build.0 = Debug|Any CPU
		{DA3C185C-135C-4EA6-A55D-98DE9E0EEA80}.Release|Any CPU.ActiveCfg = Release|Any CPU
		{DA3C185C-135C-4EA6-A55D-98DE9E0EEA80}.Release|Any CPU.Build.0 = Release|Any CPU
		{DBEB3FFA-0B24-4207-8E18-9634BF8C86B8}.Debug|Any CPU.ActiveCfg = Debug|Any CPU
		{DBEB3FFA-0B24-4207-8E18-9634BF8C86B8}.Debug|Any CPU.Build.0 = Debug|Any CPU
		{DBEB3FFA-0B24-4207-8E18-9634BF8C86B8}.Release|Any CPU.ActiveCfg = Release|Any CPU
		{DBEB3FFA-0B24-4207-8E18-9634BF8C86B8}.Release|Any CPU.Build.0 = Release|Any CPU
		{3960AF49-22DE-489E-8348-35E32C605B4C}.Debug|Any CPU.ActiveCfg = Debug|Any CPU
		{3960AF49-22DE-489E-8348-35E32C605B4C}.Debug|Any CPU.Build.0 = Debug|Any CPU
		{3960AF49-22DE-489E-8348-35E32C605B4C}.Release|Any CPU.ActiveCfg = Release|Any CPU
		{3960AF49-22DE-489E-8348-35E32C605B4C}.Release|Any CPU.Build.0 = Release|Any CPU
		{40EA8064-A654-40D3-9849-9A0E52248DE9}.Debug|Any CPU.ActiveCfg = Debug|Any CPU
		{40EA8064-A654-40D3-9849-9A0E52248DE9}.Debug|Any CPU.Build.0 = Debug|Any CPU
		{40EA8064-A654-40D3-9849-9A0E52248DE9}.Release|Any CPU.ActiveCfg = Release|Any CPU
		{40EA8064-A654-40D3-9849-9A0E52248DE9}.Release|Any CPU.Build.0 = Release|Any CPU
		{F46791E7-5434-400B-B5B4-6659909C262E}.Debug|Any CPU.ActiveCfg = Debug|Any CPU
		{F46791E7-5434-400B-B5B4-6659909C262E}.Debug|Any CPU.Build.0 = Debug|Any CPU
		{F46791E7-5434-400B-B5B4-6659909C262E}.Release|Any CPU.ActiveCfg = Release|Any CPU
		{F46791E7-5434-400B-B5B4-6659909C262E}.Release|Any CPU.Build.0 = Release|Any CPU
		{1C04E087-208C-40E3-A0D0-317D3C1D9271}.Debug|Any CPU.ActiveCfg = Debug|Any CPU
		{1C04E087-208C-40E3-A0D0-317D3C1D9271}.Debug|Any CPU.Build.0 = Debug|Any CPU
		{1C04E087-208C-40E3-A0D0-317D3C1D9271}.Release|Any CPU.ActiveCfg = Release|Any CPU
		{1C04E087-208C-40E3-A0D0-317D3C1D9271}.Release|Any CPU.Build.0 = Release|Any CPU
	EndGlobalSection
	GlobalSection(SolutionProperties) = preSolution
		HideSolutionNode = FALSE
	EndGlobalSection
	GlobalSection(ExtensibilityGlobals) = postSolution
		SolutionGuid = {5217AD22-3367-4431-9007-213EDC2D8604}
	EndGlobalSection
EndGlobal
